
Microsoft Visual Studio Solution File, Format Version 12.00
# Visual Studio 15
VisualStudioVersion = 15.0.28010.2036
MinimumVisualStudioVersion = 10.0.40219.1
Project("{FAE04EC0-301F-11D3-BF4B-00C04F79EFBC}") = "GetNews", "GetNews\GetNews.csproj", "{28117C61-1CA6-4392-A587-A68FF25807EE}"
EndProject
Global
	GlobalSection(SolutionConfigurationPlatforms) = preSolution
		Debug|ARM = Debug|ARM
		Debug|x64 = Debug|x64
		Debug|x86 = Debug|x86
		Release|ARM = Release|ARM
		Release|x64 = Release|x64
		Release|x86 = Release|x86
	EndGlobalSection
	GlobalSection(ProjectConfigurationPlatforms) = postSolution
		{28117C61-1CA6-4392-A587-A68FF25807EE}.Debug|ARM.ActiveCfg = Debug|ARM
		{28117C61-1CA6-4392-A587-A68FF25807EE}.Debug|ARM.Build.0 = Debug|ARM
		{28117C61-1CA6-4392-A587-A68FF25807EE}.Debug|ARM.Deploy.0 = Debug|ARM
		{28117C61-1CA6-4392-A587-A68FF25807EE}.Debug|x64.ActiveCfg = Debug|x64
		{28117C61-1CA6-4392-A587-A68FF25807EE}.Debug|x64.Build.0 = Debug|x64
		{28117C61-1CA6-4392-A587-A68FF25807EE}.Debug|x64.Deploy.0 = Debug|x64
		{28117C61-1CA6-4392-A587-A68FF25807EE}.Debug|x86.ActiveCfg = Debug|x86
		{28117C61-1CA6-4392-A587-A68FF25807EE}.Debug|x86.Build.0 = Debug|x86
		{28117C61-1CA6-4392-A587-A68FF25807EE}.Debug|x86.Deploy.0 = Debug|x86
		{28117C61-1CA6-4392-A587-A68FF25807EE}.Release|ARM.ActiveCfg = Release|ARM
		{28117C61-1CA6-4392-A587-A68FF25807EE}.Release|ARM.Build.0 = Release|ARM
		{28117C61-1CA6-4392-A587-A68FF25807EE}.Release|ARM.Deploy.0 = Release|ARM
		{28117C61-1CA6-4392-A587-A68FF25807EE}.Release|x64.ActiveCfg = Release|x64
		{28117C61-1CA6-4392-A587-A68FF25807EE}.Release|x64.Build.0 = Release|x64
		{28117C61-1CA6-4392-A587-A68FF25807EE}.Release|x64.Deploy.0 = Release|x64
		{28117C61-1CA6-4392-A587-A68FF25807EE}.Release|x86.ActiveCfg = Release|x86
		{28117C61-1CA6-4392-A587-A68FF25807EE}.Release|x86.Build.0 = Release|x86
		{28117C61-1CA6-4392-A587-A68FF25807EE}.Release|x86.Deploy.0 = Release|x86
	EndGlobalSection
	GlobalSection(SolutionProperties) = preSolution
		HideSolutionNode = FALSE
	EndGlobalSection
	GlobalSection(ExtensibilityGlobals) = postSolution
		SolutionGuid = {59034215-4B04-4CD5-854B-21E6C639E0E9}
	EndGlobalSection
EndGlobal
